
Microsoft Visual Studio Solution File, Format Version 12.00
# Visual Studio 15
VisualStudioVersion = 15.0.28307.329
MinimumVisualStudioVersion = 10.0.40219.1
Project("{FAE04EC0-301F-11D3-BF4B-00C04F79EFBC}") = "XamFormsFontAwesome.Android", "XamFormsFontAwesome\XamFormsFontAwesome.Android\XamFormsFontAwesome.Android.csproj", "{871C477C-DAD6-4C20-B1EF-E026FCF221DF}"
EndProject
Project("{FAE04EC0-301F-11D3-BF4B-00C04F79EFBC}") = "XamFormsFontAwesome.iOS", "XamFormsFontAwesome\XamFormsFontAwesome.iOS\XamFormsFontAwesome.iOS.csproj", "{AFD2031E-D965-4362-AFA0-380D321367CC}"
EndProject
Project("{FAE04EC0-301F-11D3-BF4B-00C04F79EFBC}") = "XamFormsFontAwesome", "XamFormsFontAwesome\XamFormsFontAwesome\XamFormsFontAwesome.csproj", "{2E46BF55-AFCC-46DE-BBAA-A88502463EA7}"
EndProject
Global
	GlobalSection(SolutionConfigurationPlatforms) = preSolution
		Ad-Hoc|Any CPU = Ad-Hoc|Any CPU
		Ad-Hoc|iPhone = Ad-Hoc|iPhone
		Ad-Hoc|iPhoneSimulator = Ad-Hoc|iPhoneSimulator
		AppStore|Any CPU = AppStore|Any CPU
		AppStore|iPhone = AppStore|iPhone
		AppStore|iPhoneSimulator = AppStore|iPhoneSimulator
		Debug|Any CPU = Debug|Any CPU
		Debug|iPhone = Debug|iPhone
		Debug|iPhoneSimulator = Debug|iPhoneSimulator
		Release|Any CPU = Release|Any CPU
		Release|iPhone = Release|iPhone
		Release|iPhoneSimulator = Release|iPhoneSimulator
	EndGlobalSection
	GlobalSection(ProjectConfigurationPlatforms) = postSolution
		{871C477C-DAD6-4C20-B1EF-E026FCF221DF}.Ad-Hoc|Any CPU.ActiveCfg = Release|Any CPU
		{871C477C-DAD6-4C20-B1EF-E026FCF221DF}.Ad-Hoc|Any CPU.Build.0 = Release|Any CPU
		{871C477C-DAD6-4C20-B1EF-E026FCF221DF}.Ad-Hoc|Any CPU.Deploy.0 = Release|Any CPU
		{871C477C-DAD6-4C20-B1EF-E026FCF221DF}.Ad-Hoc|iPhone.ActiveCfg = Release|Any CPU
		{871C477C-DAD6-4C20-B1EF-E026FCF221DF}.Ad-Hoc|iPhone.Build.0 = Release|Any CPU
		{871C477C-DAD6-4C20-B1EF-E026FCF221DF}.Ad-Hoc|iPhone.Deploy.0 = Release|Any CPU
		{871C477C-DAD6-4C20-B1EF-E026FCF221DF}.Ad-Hoc|iPhoneSimulator.ActiveCfg = Release|Any CPU
		{871C477C-DAD6-4C20-B1EF-E026FCF221DF}.Ad-Hoc|iPhoneSimulator.Build.0 = Release|Any CPU
		{871C477C-DAD6-4C20-B1EF-E026FCF221DF}.Ad-Hoc|iPhoneSimulator.Deploy.0 = Release|Any CPU
		{871C477C-DAD6-4C20-B1EF-E026FCF221DF}.AppStore|Any CPU.ActiveCfg = Release|Any CPU
		{871C477C-DAD6-4C20-B1EF-E026FCF221DF}.AppStore|Any CPU.Build.0 = Release|Any CPU
		{871C477C-DAD6-4C20-B1EF-E026FCF221DF}.AppStore|Any CPU.Deploy.0 = Release|Any CPU
		{871C477C-DAD6-4C20-B1EF-E026FCF221DF}.AppStore|iPhone.ActiveCfg = Release|Any CPU
		{871C477C-DAD6-4C20-B1EF-E026FCF221DF}.AppStore|iPhone.Build.0 = Release|Any CPU
		{871C477C-DAD6-4C20-B1EF-E026FCF221DF}.AppStore|iPhone.Deploy.0 = Release|Any CPU
		{871C477C-DAD6-4C20-B1EF-E026FCF221DF}.AppStore|iPhoneSimulator.ActiveCfg = Release|Any CPU
		{871C477C-DAD6-4C20-B1EF-E026FCF221DF}.AppStore|iPhoneSimulator.Build.0 = Release|Any CPU
		{871C477C-DAD6-4C20-B1EF-E026FCF221DF}.AppStore|iPhoneSimulator.Deploy.0 = Release|Any CPU
		{871C477C-DAD6-4C20-B1EF-E026FCF221DF}.Debug|Any CPU.ActiveCfg = Debug|Any CPU
		{871C477C-DAD6-4C20-B1EF-E026FCF221DF}.Debug|Any CPU.Build.0 = Debug|Any CPU
		{871C477C-DAD6-4C20-B1EF-E026FCF221DF}.Debug|Any CPU.Deploy.0 = Debug|Any CPU
		{871C477C-DAD6-4C20-B1EF-E026FCF221DF}.Debug|iPhone.ActiveCfg = Debug|Any CPU
		{871C477C-DAD6-4C20-B1EF-E026FCF221DF}.Debug|iPhone.Build.0 = Debug|Any CPU
		{871C477C-DAD6-4C20-B1EF-E026FCF221DF}.Debug|iPhone.Deploy.0 = Debug|Any CPU
		{871C477C-DAD6-4C20-B1EF-E026FCF221DF}.Debug|iPhoneSimulator.ActiveCfg = Debug|Any CPU
		{871C477C-DAD6-4C20-B1EF-E026FCF221DF}.Debug|iPhoneSimulator.Build.0 = Debug|Any CPU
		{871C477C-DAD6-4C20-B1EF-E026FCF221DF}.Debug|iPhoneSimulator.Deploy.0 = Debug|Any CPU
		{871C477C-DAD6-4C20-B1EF-E026FCF221DF}.Release|Any CPU.ActiveCfg = Release|Any CPU
		{871C477C-DAD6-4C20-B1EF-E026FCF221DF}.Release|Any CPU.Build.0 = Release|Any CPU
		{871C477C-DAD6-4C20-B1EF-E026FCF221DF}.Release|Any CPU.Deploy.0 = Release|Any CPU
		{871C477C-DAD6-4C20-B1EF-E026FCF221DF}.Release|iPhone.ActiveCfg = Release|Any CPU
		{871C477C-DAD6-4C20-B1EF-E026FCF221DF}.Release|iPhone.Build.0 = Release|Any CPU
		{871C477C-DAD6-4C20-B1EF-E026FCF221DF}.Release|iPhone.Deploy.0 = Release|Any CPU
		{871C477C-DAD6-4C20-B1EF-E026FCF221DF}.Release|iPhoneSimulator.ActiveCfg = Release|Any CPU
		{871C477C-DAD6-4C20-B1EF-E026FCF221DF}.Release|iPhoneSimulator.Build.0 = Release|Any CPU
		{871C477C-DAD6-4C20-B1EF-E026FCF221DF}.Release|iPhoneSimulator.Deploy.0 = Release|Any CPU
		{AFD2031E-D965-4362-AFA0-380D321367CC}.Ad-Hoc|Any CPU.ActiveCfg = Ad-Hoc|iPhone
		{AFD2031E-D965-4362-AFA0-380D321367CC}.Ad-Hoc|Any CPU.Build.0 = Ad-Hoc|iPhone
		{AFD2031E-D965-4362-AFA0-380D321367CC}.Ad-Hoc|Any CPU.Deploy.0 = Ad-Hoc|iPhone
		{AFD2031E-D965-4362-AFA0-380D321367CC}.Ad-Hoc|iPhone.ActiveCfg = Ad-Hoc|iPhone
		{AFD2031E-D965-4362-AFA0-380D321367CC}.Ad-Hoc|iPhone.Build.0 = Ad-Hoc|iPhone
		{AFD2031E-D965-4362-AFA0-380D321367CC}.Ad-Hoc|iPhone.Deploy.0 = Ad-Hoc|iPhone
		{AFD2031E-D965-4362-AFA0-380D321367CC}.Ad-Hoc|iPhoneSimulator.ActiveCfg = Ad-Hoc|iPhoneSimulator
		{AFD2031E-D965-4362-AFA0-380D321367CC}.Ad-Hoc|iPhoneSimulator.Build.0 = Ad-Hoc|iPhoneSimulator
		{AFD2031E-D965-4362-AFA0-380D321367CC}.Ad-Hoc|iPhoneSimulator.Deploy.0 = Ad-Hoc|iPhoneSimulator
		{AFD2031E-D965-4362-AFA0-380D321367CC}.AppStore|Any CPU.ActiveCfg = AppStore|iPhone
		{AFD2031E-D965-4362-AFA0-380D321367CC}.AppStore|Any CPU.Build.0 = AppStore|iPhone
		{AFD2031E-D965-4362-AFA0-380D321367CC}.AppStore|Any CPU.Deploy.0 = AppStore|iPhone
		{AFD2031E-D965-4362-AFA0-380D321367CC}.AppStore|iPhone.ActiveCfg = AppStore|iPhone
		{AFD2031E-D965-4362-AFA0-380D321367CC}.AppStore|iPhone.Build.0 = AppStore|iPhone
		{AFD2031E-D965-4362-AFA0-380D321367CC}.AppStore|iPhone.Deploy.0 = AppStore|iPhone
		{AFD2031E-D965-4362-AFA0-380D321367CC}.AppStore|iPhoneSimulator.ActiveCfg = AppStore|iPhoneSimulator
		{AFD2031E-D965-4362-AFA0-380D321367CC}.AppStore|iPhoneSimulator.Build.0 = AppStore|iPhoneSimulator
		{AFD2031E-D965-4362-AFA0-380D321367CC}.AppStore|iPhoneSimulator.Deploy.0 = AppStore|iPhoneSimulator
		{AFD2031E-D965-4362-AFA0-380D321367CC}.Debug|Any CPU.ActiveCfg = Debug|iPhoneSimulator
		{AFD2031E-D965-4362-AFA0-380D321367CC}.Debug|Any CPU.Build.0 = Debug|iPhoneSimulator
		{AFD2031E-D965-4362-AFA0-380D321367CC}.Debug|Any CPU.Deploy.0 = Debug|iPhoneSimulator
		{AFD2031E-D965-4362-AFA0-380D321367CC}.Debug|iPhone.ActiveCfg = Debug|iPhone
		{AFD2031E-D965-4362-AFA0-380D321367CC}.Debug|iPhone.Build.0 = Debug|iPhone
		{AFD2031E-D965-4362-AFA0-380D321367CC}.Debug|iPhone.Deploy.0 = Debug|iPhone
		{AFD2031E-D965-4362-AFA0-380D321367CC}.Debug|iPhoneSimulator.ActiveCfg = Debug|iPhoneSimulator
		{AFD2031E-D965-4362-AFA0-380D321367CC}.Debug|iPhoneSimulator.Build.0 = Debug|iPhoneSimulator
		{AFD2031E-D965-4362-AFA0-380D321367CC}.Debug|iPhoneSimulator.Deploy.0 = Debug|iPhoneSimulator
		{AFD2031E-D965-4362-AFA0-380D321367CC}.Release|Any CPU.ActiveCfg = Release|iPhone
		{AFD2031E-D965-4362-AFA0-380D321367CC}.Release|Any CPU.Build.0 = Release|iPhone
		{AFD2031E-D965-4362-AFA0-380D321367CC}.Release|Any CPU.Deploy.0 = Release|iPhone
		{AFD2031E-D965-4362-AFA0-380D321367CC}.Release|iPhone.ActiveCfg = Release|iPhone
		{AFD2031E-D965-4362-AFA0-380D321367CC}.Release|iPhone.Build.0 = Release|iPhone
		{AFD2031E-D965-4362-AFA0-380D321367CC}.Release|iPhone.Deploy.0 = Release|iPhone
		{AFD2031E-D965-4362-AFA0-380D321367CC}.Release|iPhoneSimulator.ActiveCfg = Release|iPhoneSimulator
		{AFD2031E-D965-4362-AFA0-380D321367CC}.Release|iPhoneSimulator.Build.0 = Release|iPhoneSimulator
		{AFD2031E-D965-4362-AFA0-380D321367CC}.Release|iPhoneSimulator.Deploy.0 = Release|iPhoneSimulator
		{2E46BF55-AFCC-46DE-BBAA-A88502463EA7}.Ad-Hoc|Any CPU.ActiveCfg = Debug|Any CPU
		{2E46BF55-AFCC-46DE-BBAA-A88502463EA7}.Ad-Hoc|Any CPU.Build.0 = Debug|Any CPU
		{2E46BF55-AFCC-46DE-BBAA-A88502463EA7}.Ad-Hoc|Any CPU.Deploy.0 = Debug|Any CPU
		{2E46BF55-AFCC-46DE-BBAA-A88502463EA7}.Ad-Hoc|iPhone.ActiveCfg = Debug|Any CPU
		{2E46BF55-AFCC-46DE-BBAA-A88502463EA7}.Ad-Hoc|iPhone.Build.0 = Debug|Any CPU
		{2E46BF55-AFCC-46DE-BBAA-A88502463EA7}.Ad-Hoc|iPhone.Deploy.0 = Debug|Any CPU
		{2E46BF55-AFCC-46DE-BBAA-A88502463EA7}.Ad-Hoc|iPhoneSimulator.ActiveCfg = Debug|Any CPU
		{2E46BF55-AFCC-46DE-BBAA-A88502463EA7}.Ad-Hoc|iPhoneSimulator.Build.0 = Debug|Any CPU
		{2E46BF55-AFCC-46DE-BBAA-A88502463EA7}.Ad-Hoc|iPhoneSimulator.Deploy.0 = Debug|Any CPU
		{2E46BF55-AFCC-46DE-BBAA-A88502463EA7}.AppStore|Any CPU.ActiveCfg = Debug|Any CPU
		{2E46BF55-AFCC-46DE-BBAA-A88502463EA7}.AppStore|Any CPU.Build.0 = Debug|Any CPU
		{2E46BF55-AFCC-46DE-BBAA-A88502463EA7}.AppStore|Any CPU.Deploy.0 = Debug|Any CPU
		{2E46BF55-AFCC-46DE-BBAA-A88502463EA7}.AppStore|iPhone.ActiveCfg = Debug|Any CPU
		{2E46BF55-AFCC-46DE-BBAA-A88502463EA7}.AppStore|iPhone.Build.0 = Debug|Any CPU
		{2E46BF55-AFCC-46DE-BBAA-A88502463EA7}.AppStore|iPhone.Deploy.0 = Debug|Any CPU
		{2E46BF55-AFCC-46DE-BBAA-A88502463EA7}.AppStore|iPhoneSimulator.ActiveCfg = Debug|Any CPU
		{2E46BF55-AFCC-46DE-BBAA-A88502463EA7}.AppStore|iPhoneSimulator.Build.0 = Debug|Any CPU
		{2E46BF55-AFCC-46DE-BBAA-A88502463EA7}.AppStore|iPhoneSimulator.Deploy.0 = Debug|Any CPU
		{2E46BF55-AFCC-46DE-BBAA-A88502463EA7}.Debug|Any CPU.ActiveCfg = Debug|Any CPU
		{2E46BF55-AFCC-46DE-BBAA-A88502463EA7}.Debug|Any CPU.Build.0 = Debug|Any CPU
		{2E46BF55-AFCC-46DE-BBAA-A88502463EA7}.Debug|Any CPU.Deploy.0 = Debug|Any CPU
		{2E46BF55-AFCC-46DE-BBAA-A88502463EA7}.Debug|iPhone.ActiveCfg = Debug|Any CPU
		{2E46BF55-AFCC-46DE-BBAA-A88502463EA7}.Debug|iPhone.Build.0 = Debug|Any CPU
		{2E46BF55-AFCC-46DE-BBAA-A88502463EA7}.Debug|iPhone.Deploy.0 = Debug|Any CPU
		{2E46BF55-AFCC-46DE-BBAA-A88502463EA7}.Debug|iPhoneSimulator.ActiveCfg = Debug|Any CPU
		{2E46BF55-AFCC-46DE-BBAA-A88502463EA7}.Debug|iPhoneSimulator.Build.0 = Debug|Any CPU
		{2E46BF55-AFCC-46DE-BBAA-A88502463EA7}.Debug|iPhoneSimulator.Deploy.0 = Debug|Any CPU
		{2E46BF55-AFCC-46DE-BBAA-A88502463EA7}.Release|Any CPU.ActiveCfg = Release|Any CPU
		{2E46BF55-AFCC-46DE-BBAA-A88502463EA7}.Release|Any CPU.Build.0 = Release|Any CPU
		{2E46BF55-AFCC-46DE-BBAA-A88502463EA7}.Release|Any CPU.Deploy.0 = Release|Any CPU
		{2E46BF55-AFCC-46DE-BBAA-A88502463EA7}.Release|iPhone.ActiveCfg = Release|Any CPU
		{2E46BF55-AFCC-46DE-BBAA-A88502463EA7}.Release|iPhone.Build.0 = Release|Any CPU
		{2E46BF55-AFCC-46DE-BBAA-A88502463EA7}.Release|iPhone.Deploy.0 = Release|Any CPU
		{2E46BF55-AFCC-46DE-BBAA-A88502463EA7}.Release|iPhoneSimulator.ActiveCfg = Release|Any CPU
		{2E46BF55-AFCC-46DE-BBAA-A88502463EA7}.Release|iPhoneSimulator.Build.0 = Release|Any CPU
		{2E46BF55-AFCC-46DE-BBAA-A88502463EA7}.Release|iPhoneSimulator.Deploy.0 = Release|Any CPU
	EndGlobalSection
	GlobalSection(SolutionProperties) = preSolution
		HideSolutionNode = FALSE
	EndGlobalSection
	GlobalSection(ExtensibilityGlobals) = postSolution
		SolutionGuid = {665B13EE-66E3-4B90-BF5B-9A911005DC29}
	EndGlobalSection
EndGlobal
